// !$*UTF8*$!
{
	archiveVersion = 1;
	classes = {
	};
	objectVersion = 55;
	objects = {

/* Begin PBXBuildFile section */
		D716B3D927BC00F10062A283 /* SectionQuery.graphql in Resources */ = {isa = PBXBuildFile; fileRef = D716B3D827BC00F00062A283 /* SectionQuery.graphql */; };
		D716B3DB27BC01D10062A283 /* SectionModel.swift in Sources */ = {isa = PBXBuildFile; fileRef = D716B3DA27BC01D10062A283 /* SectionModel.swift */; };
		D716B3DD27BC03540062A283 /* SectionViewModel.swift in Sources */ = {isa = PBXBuildFile; fileRef = D716B3DC27BC03540062A283 /* SectionViewModel.swift */; };
		D716B3DF27BC067F0062A283 /* SectionsView.swift in Sources */ = {isa = PBXBuildFile; fileRef = D716B3DE27BC067F0062A283 /* SectionsView.swift */; };
		D716B3E127BC07470062A283 /* SectionList.swift in Sources */ = {isa = PBXBuildFile; fileRef = D716B3E027BC07470062A283 /* SectionList.swift */; };
		D7AACEFA27C63015004A11FC /* SectionViewCover.swift in Sources */ = {isa = PBXBuildFile; fileRef = D7AACEF327C63014004A11FC /* SectionViewCover.swift */; };
		D7AACEFB27C63015004A11FC /* CourseViewSubtitle.swift in Sources */ = {isa = PBXBuildFile; fileRef = D7AACEF427C63014004A11FC /* CourseViewSubtitle.swift */; };
		D7AACEFC27C63015004A11FC /* CourseViewTitle.swift in Sources */ = {isa = PBXBuildFile; fileRef = D7AACEF527C63014004A11FC /* CourseViewTitle.swift */; };
		D7AACEFD27C63015004A11FC /* CourseViewCover.swift in Sources */ = {isa = PBXBuildFile; fileRef = D7AACEF627C63014004A11FC /* CourseViewCover.swift */; };
		D7AACEFE27C63015004A11FC /* CloseButton.swift in Sources */ = {isa = PBXBuildFile; fileRef = D7AACEF727C63014004A11FC /* CloseButton.swift */; };
		D7AACEFF27C63015004A11FC /* SectionRow.swift in Sources */ = {isa = PBXBuildFile; fileRef = D7AACEF827C63014004A11FC /* SectionRow.swift */; };
		D7AACF0027C63015004A11FC /* SectionViewTitle.swift in Sources */ = {isa = PBXBuildFile; fileRef = D7AACEF927C63015004A11FC /* SectionViewTitle.swift */; };
		D7AACF0227C63049004A11FC /* CourseView.swift in Sources */ = {isa = PBXBuildFile; fileRef = D7AACF0127C63049004A11FC /* CourseView.swift */; };
		D7AACF0427C6363B004A11FC /* SectionView.swift in Sources */ = {isa = PBXBuildFile; fileRef = D7AACF0327C6363B004A11FC /* SectionView.swift */; };
		D7DCC5D627B2B21A007ACAD0 /* SwiftUI_ConcurrencyApp.swift in Sources */ = {isa = PBXBuildFile; fileRef = D7DCC5D527B2B21A007ACAD0 /* SwiftUI_ConcurrencyApp.swift */; };
		D7DCC5D827B2B21A007ACAD0 /* ContentView.swift in Sources */ = {isa = PBXBuildFile; fileRef = D7DCC5D727B2B21A007ACAD0 /* ContentView.swift */; };
		D7DCC5DA27B2B21C007ACAD0 /* Assets.xcassets in Resources */ = {isa = PBXBuildFile; fileRef = D7DCC5D927B2B21C007ACAD0 /* Assets.xcassets */; };
		D7DCC5DD27B2B21C007ACAD0 /* Preview Assets.xcassets in Resources */ = {isa = PBXBuildFile; fileRef = D7DCC5DC27B2B21C007ACAD0 /* Preview Assets.xcassets */; };
		D7DCC5E427B2B67C007ACAD0 /* DateTitle.swift in Sources */ = {isa = PBXBuildFile; fileRef = D7DCC5E327B2B67C007ACAD0 /* DateTitle.swift */; };
		D7DCC5E627B2B7D3007ACAD0 /* HomeView.swift in Sources */ = {isa = PBXBuildFile; fileRef = D7DCC5E527B2B7D3007ACAD0 /* HomeView.swift */; };
		D7DCC5EA27B2B8EE007ACAD0 /* FeaturedCourseCard.swift in Sources */ = {isa = PBXBuildFile; fileRef = D7DCC5E927B2B8EE007ACAD0 /* FeaturedCourseCard.swift */; };
		D7DCC5EC27B2B91F007ACAD0 /* CourseData.json in Resources */ = {isa = PBXBuildFile; fileRef = D7DCC5EB27B2B91F007ACAD0 /* CourseData.json */; };
		D7DCC5EE27B2BAFF007ACAD0 /* FeaturedCourseList.swift in Sources */ = {isa = PBXBuildFile; fileRef = D7DCC5ED27B2BAFF007ACAD0 /* FeaturedCourseList.swift */; };
		D7DCC5F027B2BC87007ACAD0 /* CourseCard.swift in Sources */ = {isa = PBXBuildFile; fileRef = D7DCC5EF27B2BC87007ACAD0 /* CourseCard.swift */; };
		D7DCC5F227B2BCC7007ACAD0 /* CourseList.swift in Sources */ = {isa = PBXBuildFile; fileRef = D7DCC5F127B2BCC7007ACAD0 /* CourseList.swift */; };
		D7DFDF1527BAB7DE000268C7 /* CourseModel.swift in Sources */ = {isa = PBXBuildFile; fileRef = D7DFDF1427BAB7DE000268C7 /* CourseModel.swift */; };
		D7DFDF1727BABED7000268C7 /* LoadFromFile.swift in Sources */ = {isa = PBXBuildFile; fileRef = D7DFDF1627BABED7000268C7 /* LoadFromFile.swift */; };
		D7DFDF1927BABEE4000268C7 /* Extensions.swift in Sources */ = {isa = PBXBuildFile; fileRef = D7DFDF1827BABEE4000268C7 /* Extensions.swift */; };
		D7DFDF1B27BABF29000268C7 /* PreviewData.swift in Sources */ = {isa = PBXBuildFile; fileRef = D7DFDF1A27BABF29000268C7 /* PreviewData.swift */; };
		D7E2B38D27B563040065A26E /* Apollo in Frameworks */ = {isa = PBXBuildFile; productRef = D7E2B38C27B563040065A26E /* Apollo */; };
		D7E2B38F27B565B30065A26E /* CourseQuery.graphql in Resources */ = {isa = PBXBuildFile; fileRef = D7E2B38E27B565B30065A26E /* CourseQuery.graphql */; };
		D7E2B39427B567090065A26E /* schema.json in Resources */ = {isa = PBXBuildFile; fileRef = D7E2B39327B567090065A26E /* schema.json */; };
		D7E2B39627B5674F0065A26E /* API.swift in Sources */ = {isa = PBXBuildFile; fileRef = D7E2B39527B5674F0065A26E /* API.swift */; };
		D7E2B39927B568100065A26E /* Network.swift in Sources */ = {isa = PBXBuildFile; fileRef = D7E2B39827B568100065A26E /* Network.swift */; };
		D7E2B39C27B569FC0065A26E /* CourseViewModel.swift in Sources */ = {isa = PBXBuildFile; fileRef = D7E2B39B27B569FC0065A26E /* CourseViewModel.swift */; };
		D7F5D92C27C51F9400287FF1 /* ProfileIcon.swift in Sources */ = {isa = PBXBuildFile; fileRef = D7F5D92B27C51F9400287FF1 /* ProfileIcon.swift */; };
		D7F5D93227C5218A00287FF1 /* SignUpView.swift in Sources */ = {isa = PBXBuildFile; fileRef = D7F5D92D27C5218A00287FF1 /* SignUpView.swift */; };
		D7F5D93327C5218A00287FF1 /* SignInView.swift in Sources */ = {isa = PBXBuildFile; fileRef = D7F5D92E27C5218A00287FF1 /* SignInView.swift */; };
		D7F5D93427C5218A00287FF1 /* GradientIcon.swift in Sources */ = {isa = PBXBuildFile; fileRef = D7F5D92F27C5218A00287FF1 /* GradientIcon.swift */; };
		D7F5D93527C5218A00287FF1 /* GradientButton.swift in Sources */ = {isa = PBXBuildFile; fileRef = D7F5D93027C5218A00287FF1 /* GradientButton.swift */; };
		D7F5D93627C5218A00287FF1 /* ResetPasswordView.swift in Sources */ = {isa = PBXBuildFile; fileRef = D7F5D93127C5218A00287FF1 /* ResetPasswordView.swift */; };
		D7F5D93827C521AB00287FF1 /* ModalManager.swift in Sources */ = {isa = PBXBuildFile; fileRef = D7F5D93727C521AB00287FF1 /* ModalManager.swift */; };
		D7F5D93A27C5224E00287FF1 /* ModalManagerView.swift in Sources */ = {isa = PBXBuildFile; fileRef = D7F5D93927C5224E00287FF1 /* ModalManagerView.swift */; };
		D7F5D93C27C5291300287FF1 /* AccountView.swift in Sources */ = {isa = PBXBuildFile; fileRef = D7F5D93B27C5291300287FF1 /* AccountView.swift */; };
		D7F5D93E27C529BA00287FF1 /* UserModel.swift in Sources */ = {isa = PBXBuildFile; fileRef = D7F5D93D27C529BA00287FF1 /* UserModel.swift */; };
		D7F5D94027C52AD300287FF1 /* AccountViewModel.swift in Sources */ = {isa = PBXBuildFile; fileRef = D7F5D93F27C52AD300287FF1 /* AccountViewModel.swift */; };
		D7F5D94227C52E3F00287FF1 /* ProfileCard.swift in Sources */ = {isa = PBXBuildFile; fileRef = D7F5D94127C52E3F00287FF1 /* ProfileCard.swift */; };
		D7F5D94427C52F7B00287FF1 /* SFSafariViewWrapper.swift in Sources */ = {isa = PBXBuildFile; fileRef = D7F5D94327C52F7B00287FF1 /* SFSafariViewWrapper.swift */; };
/* End PBXBuildFile section */

/* Begin PBXFileReference section */
		D716B3D827BC00F00062A283 /* SectionQuery.graphql */ = {isa = PBXFileReference; lastKnownFileType = text; path = SectionQuery.graphql; sourceTree = "<group>"; };
		D716B3DA27BC01D10062A283 /* SectionModel.swift */ = {isa = PBXFileReference; lastKnownFileType = sourcecode.swift; path = SectionModel.swift; sourceTree = "<group>"; };
		D716B3DC27BC03540062A283 /* SectionViewModel.swift */ = {isa = PBXFileReference; lastKnownFileType = sourcecode.swift; path = SectionViewModel.swift; sourceTree = "<group>"; };
		D716B3DE27BC067F0062A283 /* SectionsView.swift */ = {isa = PBXFileReference; lastKnownFileType = sourcecode.swift; path = SectionsView.swift; sourceTree = "<group>"; };
		D716B3E027BC07470062A283 /* SectionList.swift */ = {isa = PBXFileReference; lastKnownFileType = sourcecode.swift; path = SectionList.swift; sourceTree = "<group>"; };
		D7AACEF327C63014004A11FC /* SectionViewCover.swift */ = {isa = PBXFileReference; fileEncoding = 4; lastKnownFileType = sourcecode.swift; name = SectionViewCover.swift; path = "Assets/Code/17. Navigating Between Views/SectionViewCover.swift"; sourceTree = SOURCE_ROOT; };
		D7AACEF427C63014004A11FC /* CourseViewSubtitle.swift */ = {isa = PBXFileReference; fileEncoding = 4; lastKnownFileType = sourcecode.swift; name = CourseViewSubtitle.swift; path = "Assets/Code/17. Navigating Between Views/CourseViewSubtitle.swift"; sourceTree = SOURCE_ROOT; };
		D7AACEF527C63014004A11FC /* CourseViewTitle.swift */ = {isa = PBXFileReference; fileEncoding = 4; lastKnownFileType = sourcecode.swift; name = CourseViewTitle.swift; path = "Assets/Code/17. Navigating Between Views/CourseViewTitle.swift"; sourceTree = SOURCE_ROOT; };
		D7AACEF627C63014004A11FC /* CourseViewCover.swift */ = {isa = PBXFileReference; fileEncoding = 4; lastKnownFileType = sourcecode.swift; name = CourseViewCover.swift; path = "Assets/Code/17. Navigating Between Views/CourseViewCover.swift"; sourceTree = SOURCE_ROOT; };
		D7AACEF727C63014004A11FC /* CloseButton.swift */ = {isa = PBXFileReference; fileEncoding = 4; lastKnownFileType = sourcecode.swift; name = CloseButton.swift; path = "Assets/Code/17. Navigating Between Views/CloseButton.swift"; sourceTree = SOURCE_ROOT; };
		D7AACEF827C63014004A11FC /* SectionRow.swift */ = {isa = PBXFileReference; fileEncoding = 4; lastKnownFileType = sourcecode.swift; name = SectionRow.swift; path = "Assets/Code/17. Navigating Between Views/SectionRow.swift"; sourceTree = SOURCE_ROOT; };
		D7AACEF927C63015004A11FC /* SectionViewTitle.swift */ = {isa = PBXFileReference; fileEncoding = 4; lastKnownFileType = sourcecode.swift; name = SectionViewTitle.swift; path = "Assets/Code/17. Navigating Between Views/SectionViewTitle.swift"; sourceTree = SOURCE_ROOT; };
		D7AACF0127C63049004A11FC /* CourseView.swift */ = {isa = PBXFileReference; lastKnownFileType = sourcecode.swift; path = CourseView.swift; sourceTree = "<group>"; };
		D7AACF0327C6363B004A11FC /* SectionView.swift */ = {isa = PBXFileReference; lastKnownFileType = sourcecode.swift; path = SectionView.swift; sourceTree = "<group>"; };
		D7DCC5D227B2B21A007ACAD0 /* SwiftUI-Concurrency.app */ = {isa = PBXFileReference; explicitFileType = wrapper.application; includeInIndex = 0; path = "SwiftUI-Concurrency.app"; sourceTree = BUILT_PRODUCTS_DIR; };
		D7DCC5D527B2B21A007ACAD0 /* SwiftUI_ConcurrencyApp.swift */ = {isa = PBXFileReference; lastKnownFileType = sourcecode.swift; path = SwiftUI_ConcurrencyApp.swift; sourceTree = "<group>"; };
		D7DCC5D727B2B21A007ACAD0 /* ContentView.swift */ = {isa = PBXFileReference; lastKnownFileType = sourcecode.swift; path = ContentView.swift; sourceTree = "<group>"; };
		D7DCC5D927B2B21C007ACAD0 /* Assets.xcassets */ = {isa = PBXFileReference; lastKnownFileType = folder.assetcatalog; path = Assets.xcassets; sourceTree = "<group>"; };
		D7DCC5DC27B2B21C007ACAD0 /* Preview Assets.xcassets */ = {isa = PBXFileReference; lastKnownFileType = folder.assetcatalog; path = "Preview Assets.xcassets"; sourceTree = "<group>"; };
		D7DCC5E327B2B67C007ACAD0 /* DateTitle.swift */ = {isa = PBXFileReference; lastKnownFileType = sourcecode.swift; path = DateTitle.swift; sourceTree = "<group>"; };
		D7DCC5E527B2B7D3007ACAD0 /* HomeView.swift */ = {isa = PBXFileReference; lastKnownFileType = sourcecode.swift; path = HomeView.swift; sourceTree = "<group>"; };
		D7DCC5E927B2B8EE007ACAD0 /* FeaturedCourseCard.swift */ = {isa = PBXFileReference; lastKnownFileType = sourcecode.swift; path = FeaturedCourseCard.swift; sourceTree = "<group>"; };
		D7DCC5EB27B2B91F007ACAD0 /* CourseData.json */ = {isa = PBXFileReference; fileEncoding = 4; lastKnownFileType = text.json; name = CourseData.json; path = "SwiftUI-Concurrency/Preview Content/CourseData.json"; sourceTree = SOURCE_ROOT; };
		D7DCC5ED27B2BAFF007ACAD0 /* FeaturedCourseList.swift */ = {isa = PBXFileReference; lastKnownFileType = sourcecode.swift; path = FeaturedCourseList.swift; sourceTree = "<group>"; };
		D7DCC5EF27B2BC87007ACAD0 /* CourseCard.swift */ = {isa = PBXFileReference; lastKnownFileType = sourcecode.swift; path = CourseCard.swift; sourceTree = "<group>"; };
		D7DCC5F127B2BCC7007ACAD0 /* CourseList.swift */ = {isa = PBXFileReference; lastKnownFileType = sourcecode.swift; path = CourseList.swift; sourceTree = "<group>"; };
		D7DFDF1427BAB7DE000268C7 /* CourseModel.swift */ = {isa = PBXFileReference; lastKnownFileType = sourcecode.swift; path = CourseModel.swift; sourceTree = "<group>"; };
		D7DFDF1627BABED7000268C7 /* LoadFromFile.swift */ = {isa = PBXFileReference; fileEncoding = 4; lastKnownFileType = sourcecode.swift; name = LoadFromFile.swift; path = "Assets/Code/7. Handle Dynamic Data/LoadFromFile.swift"; sourceTree = SOURCE_ROOT; };
		D7DFDF1827BABEE4000268C7 /* Extensions.swift */ = {isa = PBXFileReference; lastKnownFileType = sourcecode.swift; path = Extensions.swift; sourceTree = "<group>"; };
		D7DFDF1A27BABF29000268C7 /* PreviewData.swift */ = {isa = PBXFileReference; lastKnownFileType = sourcecode.swift; path = PreviewData.swift; sourceTree = "<group>"; };
		D7E2B38E27B565B30065A26E /* CourseQuery.graphql */ = {isa = PBXFileReference; lastKnownFileType = text; name = CourseQuery.graphql; path = "SwiftUI-Concurrency/Queries/CourseQuery.graphql"; sourceTree = SOURCE_ROOT; };
		D7E2B39327B567090065A26E /* schema.json */ = {isa = PBXFileReference; lastKnownFileType = text.json; path = schema.json; sourceTree = "<group>"; };
		D7E2B39527B5674F0065A26E /* API.swift */ = {isa = PBXFileReference; fileEncoding = 4; lastKnownFileType = sourcecode.swift; path = API.swift; sourceTree = "<group>"; };
		D7E2B39827B568100065A26E /* Network.swift */ = {isa = PBXFileReference; lastKnownFileType = sourcecode.swift; path = Network.swift; sourceTree = "<group>"; };
		D7E2B39B27B569FC0065A26E /* CourseViewModel.swift */ = {isa = PBXFileReference; lastKnownFileType = sourcecode.swift; path = CourseViewModel.swift; sourceTree = "<group>"; };
		D7F5D92B27C51F9400287FF1 /* ProfileIcon.swift */ = {isa = PBXFileReference; lastKnownFileType = sourcecode.swift; path = ProfileIcon.swift; sourceTree = "<group>"; };
		D7F5D92D27C5218A00287FF1 /* SignUpView.swift */ = {isa = PBXFileReference; fileEncoding = 4; lastKnownFileType = sourcecode.swift; name = SignUpView.swift; path = "Assets/Code/13. Managing modals/SignUpView.swift"; sourceTree = SOURCE_ROOT; };
		D7F5D92E27C5218A00287FF1 /* SignInView.swift */ = {isa = PBXFileReference; fileEncoding = 4; lastKnownFileType = sourcecode.swift; name = SignInView.swift; path = "Assets/Code/13. Managing modals/SignInView.swift"; sourceTree = SOURCE_ROOT; };
		D7F5D92F27C5218A00287FF1 /* GradientIcon.swift */ = {isa = PBXFileReference; fileEncoding = 4; lastKnownFileType = sourcecode.swift; name = GradientIcon.swift; path = "Assets/Code/13. Managing modals/GradientIcon.swift"; sourceTree = SOURCE_ROOT; };
		D7F5D93027C5218A00287FF1 /* GradientButton.swift */ = {isa = PBXFileReference; fileEncoding = 4; lastKnownFileType = sourcecode.swift; name = GradientButton.swift; path = "Assets/Code/13. Managing modals/GradientButton.swift"; sourceTree = SOURCE_ROOT; };
		D7F5D93127C5218A00287FF1 /* ResetPasswordView.swift */ = {isa = PBXFileReference; fileEncoding = 4; lastKnownFileType = sourcecode.swift; name = ResetPasswordView.swift; path = "Assets/Code/13. Managing modals/ResetPasswordView.swift"; sourceTree = SOURCE_ROOT; };
		D7F5D93727C521AB00287FF1 /* ModalManager.swift */ = {isa = PBXFileReference; lastKnownFileType = sourcecode.swift; path = ModalManager.swift; sourceTree = "<group>"; };
		D7F5D93927C5224E00287FF1 /* ModalManagerView.swift */ = {isa = PBXFileReference; lastKnownFileType = sourcecode.swift; path = ModalManagerView.swift; sourceTree = "<group>"; };
		D7F5D93B27C5291300287FF1 /* AccountView.swift */ = {isa = PBXFileReference; lastKnownFileType = sourcecode.swift; path = AccountView.swift; sourceTree = "<group>"; };
		D7F5D93D27C529BA00287FF1 /* UserModel.swift */ = {isa = PBXFileReference; lastKnownFileType = sourcecode.swift; path = UserModel.swift; sourceTree = "<group>"; };
		D7F5D93F27C52AD300287FF1 /* AccountViewModel.swift */ = {isa = PBXFileReference; lastKnownFileType = sourcecode.swift; path = AccountViewModel.swift; sourceTree = "<group>"; };
		D7F5D94127C52E3F00287FF1 /* ProfileCard.swift */ = {isa = PBXFileReference; fileEncoding = 4; lastKnownFileType = sourcecode.swift; name = ProfileCard.swift; path = "Assets/Code/15. Profile Card/ProfileCard.swift"; sourceTree = SOURCE_ROOT; };
		D7F5D94327C52F7B00287FF1 /* SFSafariViewWrapper.swift */ = {isa = PBXFileReference; lastKnownFileType = sourcecode.swift; path = SFSafariViewWrapper.swift; sourceTree = "<group>"; };
/* End PBXFileReference section */

/* Begin PBXFrameworksBuildPhase section */
		D7DCC5CF27B2B219007ACAD0 /* Frameworks */ = {
			isa = PBXFrameworksBuildPhase;
			buildActionMask = 2147483647;
			files = (
				D7E2B38D27B563040065A26E /* Apollo in Frameworks */,
			);
			runOnlyForDeploymentPostprocessing = 0;
		};
/* End PBXFrameworksBuildPhase section */

/* Begin PBXGroup section */
		D716B3D527BC00570062A283 /* Queries */ = {
			isa = PBXGroup;
			children = (
				D7E2B38E27B565B30065A26E /* CourseQuery.graphql */,
				D716B3D827BC00F00062A283 /* SectionQuery.graphql */,
			);
			path = Queries;
			sourceTree = "<group>";
		};
		D7DCC5C927B2B219007ACAD0 = {
			isa = PBXGroup;
			children = (
				D7DCC5D427B2B21A007ACAD0 /* SwiftUI-Concurrency */,
				D7DCC5D327B2B21A007ACAD0 /* Products */,
			);
			sourceTree = "<group>";
		};
		D7DCC5D327B2B21A007ACAD0 /* Products */ = {
			isa = PBXGroup;
			children = (
				D7DCC5D227B2B21A007ACAD0 /* SwiftUI-Concurrency.app */,
			);
			name = Products;
			sourceTree = "<group>";
		};
		D7DCC5D427B2B21A007ACAD0 /* SwiftUI-Concurrency */ = {
			isa = PBXGroup;
			children = (
				D7DCC5D527B2B21A007ACAD0 /* SwiftUI_ConcurrencyApp.swift */,
				D7E2B39527B5674F0065A26E /* API.swift */,
				D7E2B39327B567090065A26E /* schema.json */,
				D7DCC5E727B2B7D9007ACAD0 /* Components */,
				D7DFDF1327BAB7BE000268C7 /* Models */,
				D7DCC5E827B2B7EF007ACAD0 /* Views */,
				D7E2B39A27B569DD0065A26E /* View Models */,
				D716B3D527BC00570062A283 /* Queries */,
				D7E2B39727B567F90065A26E /* Utils */,
				D7DCC5D927B2B21C007ACAD0 /* Assets.xcassets */,
				D7DCC5DB27B2B21C007ACAD0 /* Preview Content */,
			);
			path = "SwiftUI-Concurrency";
			sourceTree = "<group>";
		};
		D7DCC5DB27B2B21C007ACAD0 /* Preview Content */ = {
			isa = PBXGroup;
			children = (
				D7DCC5DC27B2B21C007ACAD0 /* Preview Assets.xcassets */,
				D7DCC5EB27B2B91F007ACAD0 /* CourseData.json */,
				D7DFDF1A27BABF29000268C7 /* PreviewData.swift */,
			);
			path = "Preview Content";
			sourceTree = "<group>";
		};
		D7DCC5E727B2B7D9007ACAD0 /* Components */ = {
			isa = PBXGroup;
			children = (
				D7AACEF727C63014004A11FC /* CloseButton.swift */,
				D7AACEF627C63014004A11FC /* CourseViewCover.swift */,
				D7AACEF427C63014004A11FC /* CourseViewSubtitle.swift */,
				D7AACEF527C63014004A11FC /* CourseViewTitle.swift */,
				D7AACEF827C63014004A11FC /* SectionRow.swift */,
				D7AACEF327C63014004A11FC /* SectionViewCover.swift */,
				D7AACEF927C63015004A11FC /* SectionViewTitle.swift */,
				D7DCC5E327B2B67C007ACAD0 /* DateTitle.swift */,
				D7DCC5E927B2B8EE007ACAD0 /* FeaturedCourseCard.swift */,
				D7DCC5ED27B2BAFF007ACAD0 /* FeaturedCourseList.swift */,
				D7DCC5EF27B2BC87007ACAD0 /* CourseCard.swift */,
				D7DCC5F127B2BCC7007ACAD0 /* CourseList.swift */,
				D716B3E027BC07470062A283 /* SectionList.swift */,
				D7F5D92B27C51F9400287FF1 /* ProfileIcon.swift */,
				D7F5D93027C5218A00287FF1 /* GradientButton.swift */,
				D7F5D92F27C5218A00287FF1 /* GradientIcon.swift */,
				D7F5D93127C5218A00287FF1 /* ResetPasswordView.swift */,
				D7F5D92E27C5218A00287FF1 /* SignInView.swift */,
				D7F5D92D27C5218A00287FF1 /* SignUpView.swift */,
				D7F5D94127C52E3F00287FF1 /* ProfileCard.swift */,
			);
			path = Components;
			sourceTree = "<group>";
		};
		D7DCC5E827B2B7EF007ACAD0 /* Views */ = {
			isa = PBXGroup;
			children = (
				D7DCC5E527B2B7D3007ACAD0 /* HomeView.swift */,
				D7DCC5D727B2B21A007ACAD0 /* ContentView.swift */,
				D716B3DE27BC067F0062A283 /* SectionsView.swift */,
				D7F5D93927C5224E00287FF1 /* ModalManagerView.swift */,
				D7F5D93B27C5291300287FF1 /* AccountView.swift */,
				D7AACF0127C63049004A11FC /* CourseView.swift */,
				D7AACF0327C6363B004A11FC /* SectionView.swift */,
			);
			path = Views;
			sourceTree = "<group>";
		};
		D7DFDF1327BAB7BE000268C7 /* Models */ = {
			isa = PBXGroup;
			children = (
				D7DFDF1427BAB7DE000268C7 /* CourseModel.swift */,
				D716B3DA27BC01D10062A283 /* SectionModel.swift */,
				D7F5D93D27C529BA00287FF1 /* UserModel.swift */,
			);
			path = Models;
			sourceTree = "<group>";
		};
		D7E2B39727B567F90065A26E /* Utils */ = {
			isa = PBXGroup;
			children = (
				D7E2B39827B568100065A26E /* Network.swift */,
				D7DFDF1627BABED7000268C7 /* LoadFromFile.swift */,
				D7DFDF1827BABEE4000268C7 /* Extensions.swift */,
				D7F5D93727C521AB00287FF1 /* ModalManager.swift */,
				D7F5D94327C52F7B00287FF1 /* SFSafariViewWrapper.swift */,
			);
			path = Utils;
			sourceTree = "<group>";
		};
		D7E2B39A27B569DD0065A26E /* View Models */ = {
			isa = PBXGroup;
			children = (
				D7E2B39B27B569FC0065A26E /* CourseViewModel.swift */,
				D716B3DC27BC03540062A283 /* SectionViewModel.swift */,
				D7F5D93F27C52AD300287FF1 /* AccountViewModel.swift */,
			);
			path = "View Models";
			sourceTree = "<group>";
		};
/* End PBXGroup section */

/* Begin PBXNativeTarget section */
		D7DCC5D127B2B219007ACAD0 /* SwiftUI-Concurrency */ = {
			isa = PBXNativeTarget;
			buildConfigurationList = D7DCC5E027B2B21C007ACAD0 /* Build configuration list for PBXNativeTarget "SwiftUI-Concurrency" */;
			buildPhases = (
				D7E2B39027B565F50065A26E /* Generate Apollo GraphQL API */,
				D7DCC5CE27B2B219007ACAD0 /* Sources */,
				D7DCC5CF27B2B219007ACAD0 /* Frameworks */,
				D7DCC5D027B2B219007ACAD0 /* Resources */,
			);
			buildRules = (
			);
			dependencies = (
			);
			name = "SwiftUI-Concurrency";
			packageProductDependencies = (
				D7E2B38C27B563040065A26E /* Apollo */,
			);
			productName = "SwiftUI-Concurrency";
			productReference = D7DCC5D227B2B21A007ACAD0 /* SwiftUI-Concurrency.app */;
			productType = "com.apple.product-type.application";
		};
/* End PBXNativeTarget section */

/* Begin PBXProject section */
		D7DCC5CA27B2B219007ACAD0 /* Project object */ = {
			isa = PBXProject;
			attributes = {
				BuildIndependentTargetsInParallel = 1;
				LastSwiftUpdateCheck = 1320;
				LastUpgradeCheck = 1320;
				TargetAttributes = {
					D7DCC5D127B2B219007ACAD0 = {
						CreatedOnToolsVersion = 13.2.1;
					};
				};
			};
			buildConfigurationList = D7DCC5CD27B2B219007ACAD0 /* Build configuration list for PBXProject "SwiftUI-Concurrency" */;
			compatibilityVersion = "Xcode 13.0";
			developmentRegion = en;
			hasScannedForEncodings = 0;
			knownRegions = (
				en,
				Base,
			);
			mainGroup = D7DCC5C927B2B219007ACAD0;
			packageReferences = (
				D7E2B38B27B563030065A26E /* XCRemoteSwiftPackageReference "apollo-ios" */,
			);
			productRefGroup = D7DCC5D327B2B21A007ACAD0 /* Products */;
			projectDirPath = "";
			projectRoot = "";
			targets = (
				D7DCC5D127B2B219007ACAD0 /* SwiftUI-Concurrency */,
			);
		};
/* End PBXProject section */

/* Begin PBXResourcesBuildPhase section */
		D7DCC5D027B2B219007ACAD0 /* Resources */ = {
			isa = PBXResourcesBuildPhase;
			buildActionMask = 2147483647;
			files = (
				D7DCC5DD27B2B21C007ACAD0 /* Preview Assets.xcassets in Resources */,
				D7E2B39427B567090065A26E /* schema.json in Resources */,
				D7DCC5EC27B2B91F007ACAD0 /* CourseData.json in Resources */,
				D7DCC5DA27B2B21C007ACAD0 /* Assets.xcassets in Resources */,
				D716B3D927BC00F10062A283 /* SectionQuery.graphql in Resources */,
				D7E2B38F27B565B30065A26E /* CourseQuery.graphql in Resources */,
			);
			runOnlyForDeploymentPostprocessing = 0;
		};
/* End PBXResourcesBuildPhase section */

/* Begin PBXShellScriptBuildPhase section */
		D7E2B39027B565F50065A26E /* Generate Apollo GraphQL API */ = {
			isa = PBXShellScriptBuildPhase;
			buildActionMask = 8;
			files = (
			);
			inputFileListPaths = (
			);
			inputPaths = (
			);
			name = "Generate Apollo GraphQL API";
			outputFileListPaths = (
			);
			outputPaths = (
			);
			runOnlyForDeploymentPostprocessing = 1;
			shellPath = /bin/sh;
			shellScript = "# Type a script or drag a script file from your workspace to insert its path.\n# Go to the build root and search up the chain to find the Derived Data Path where the source packages are checked out.\nDERIVED_DATA_CANDIDATE=\"${BUILD_ROOT}\"\n\nwhile ! [ -d \"${DERIVED_DATA_CANDIDATE}/SourcePackages\" ]; do\n  if [ \"${DERIVED_DATA_CANDIDATE}\" = / ]; then\n    echo >&2 \"error: Unable to locate SourcePackages directory from BUILD_ROOT: '${BUILD_ROOT}'\"\n    exit 1\n  fi\n\n  DERIVED_DATA_CANDIDATE=\"$(dirname \"${DERIVED_DATA_CANDIDATE}\")\"\ndone\n\n# Grab a reference to the directory where scripts are checked out\nSCRIPT_PATH=\"${DERIVED_DATA_CANDIDATE}/SourcePackages/checkouts/apollo-ios/scripts\"\n\nif [ -z \"${SCRIPT_PATH}\" ]; then\n    echo >&2 \"error: Couldn't find the CLI script in your checked out SPM packages; make sure to add the framework to your project.\"\n    exit 1\nfi\n\ncd \"${SRCROOT}/${TARGET_NAME}\"\n\"${SCRIPT_PATH}\"/run-bundled-codegen.sh codegen:generate --target=swift --includes=./**/*.graphql --localSchemaFile=\"schema.json\" API.swift\n";
		};
/* End PBXShellScriptBuildPhase section */

/* Begin PBXSourcesBuildPhase section */
		D7DCC5CE27B2B219007ACAD0 /* Sources */ = {
			isa = PBXSourcesBuildPhase;
			buildActionMask = 2147483647;
			files = (
				D7AACF0027C63015004A11FC /* SectionViewTitle.swift in Sources */,
				D7E2B39C27B569FC0065A26E /* CourseViewModel.swift in Sources */,
				D7F5D93527C5218A00287FF1 /* GradientButton.swift in Sources */,
				D7E2B39927B568100065A26E /* Network.swift in Sources */,
				D7F5D93E27C529BA00287FF1 /* UserModel.swift in Sources */,
				D7DCC5F227B2BCC7007ACAD0 /* CourseList.swift in Sources */,
				D7AACEFB27C63015004A11FC /* CourseViewSubtitle.swift in Sources */,
				D7AACF0227C63049004A11FC /* CourseView.swift in Sources */,
				D7F5D93C27C5291300287FF1 /* AccountView.swift in Sources */,
				D716B3DB27BC01D10062A283 /* SectionModel.swift in Sources */,
				D7AACEFF27C63015004A11FC /* SectionRow.swift in Sources */,
				D7DCC5D827B2B21A007ACAD0 /* ContentView.swift in Sources */,
				D7AACF0427C6363B004A11FC /* SectionView.swift in Sources */,
				D7DCC5E627B2B7D3007ACAD0 /* HomeView.swift in Sources */,
				D716B3DF27BC067F0062A283 /* SectionsView.swift in Sources */,
				D7AACEFE27C63015004A11FC /* CloseButton.swift in Sources */,
				D716B3E127BC07470062A283 /* SectionList.swift in Sources */,
				D7DFDF1B27BABF29000268C7 /* PreviewData.swift in Sources */,
				D7DCC5EE27B2BAFF007ACAD0 /* FeaturedCourseList.swift in Sources */,
				D7F5D93227C5218A00287FF1 /* SignUpView.swift in Sources */,
				D716B3DD27BC03540062A283 /* SectionViewModel.swift in Sources */,
				D7DFDF1527BAB7DE000268C7 /* CourseModel.swift in Sources */,
				D7F5D94027C52AD300287FF1 /* AccountViewModel.swift in Sources */,
				D7F5D93427C5218A00287FF1 /* GradientIcon.swift in Sources */,
				D7DCC5D627B2B21A007ACAD0 /* SwiftUI_ConcurrencyApp.swift in Sources */,
				D7DCC5F027B2BC87007ACAD0 /* CourseCard.swift in Sources */,
				D7DCC5E427B2B67C007ACAD0 /* DateTitle.swift in Sources */,
				D7AACEFA27C63015004A11FC /* SectionViewCover.swift in Sources */,
				D7DFDF1727BABED7000268C7 /* LoadFromFile.swift in Sources */,
				D7E2B39627B5674F0065A26E /* API.swift in Sources */,
				D7DCC5EA27B2B8EE007ACAD0 /* FeaturedCourseCard.swift in Sources */,
				D7F5D92C27C51F9400287FF1 /* ProfileIcon.swift in Sources */,
				D7F5D93627C5218A00287FF1 /* ResetPasswordView.swift in Sources */,
				D7F5D93A27C5224E00287FF1 /* ModalManagerView.swift in Sources */,
				D7F5D93827C521AB00287FF1 /* ModalManager.swift in Sources */,
				D7F5D93327C5218A00287FF1 /* SignInView.swift in Sources */,
				D7AACEFD27C63015004A11FC /* CourseViewCover.swift in Sources */,
				D7AACEFC27C63015004A11FC /* CourseViewTitle.swift in Sources */,
				D7DFDF1927BABEE4000268C7 /* Extensions.swift in Sources */,
				D7F5D94227C52E3F00287FF1 /* ProfileCard.swift in Sources */,
				D7F5D94427C52F7B00287FF1 /* SFSafariViewWrapper.swift in Sources */,
			);
			runOnlyForDeploymentPostprocessing = 0;
		};
/* End PBXSourcesBuildPhase section */

/* Begin XCBuildConfiguration section */
		D7DCC5DE27B2B21C007ACAD0 /* Debug */ = {
			isa = XCBuildConfiguration;
			buildSettings = {
				ALWAYS_SEARCH_USER_PATHS = NO;
				CLANG_ANALYZER_NONNULL = YES;
				CLANG_ANALYZER_NUMBER_OBJECT_CONVERSION = YES_AGGRESSIVE;
				CLANG_CXX_LANGUAGE_STANDARD = "gnu++17";
				CLANG_CXX_LIBRARY = "libc++";
				CLANG_ENABLE_MODULES = YES;
				CLANG_ENABLE_OBJC_ARC = YES;
				CLANG_ENABLE_OBJC_WEAK = YES;
				CLANG_WARN_BLOCK_CAPTURE_AUTORELEASING = YES;
				CLANG_WARN_BOOL_CONVERSION = YES;
				CLANG_WARN_COMMA = YES;
				CLANG_WARN_CONSTANT_CONVERSION = YES;
				CLANG_WARN_DEPRECATED_OBJC_IMPLEMENTATIONS = YES;
				CLANG_WARN_DIRECT_OBJC_ISA_USAGE = YES_ERROR;
				CLANG_WARN_DOCUMENTATION_COMMENTS = YES;
				CLANG_WARN_EMPTY_BODY = YES;
				CLANG_WARN_ENUM_CONVERSION = YES;
				CLANG_WARN_INFINITE_RECURSION = YES;
				CLANG_WARN_INT_CONVERSION = YES;
				CLANG_WARN_NON_LITERAL_NULL_CONVERSION = YES;
				CLANG_WARN_OBJC_IMPLICIT_RETAIN_SELF = YES;
				CLANG_WARN_OBJC_LITERAL_CONVERSION = YES;
				CLANG_WARN_OBJC_ROOT_CLASS = YES_ERROR;
				CLANG_WARN_QUOTED_INCLUDE_IN_FRAMEWORK_HEADER = YES;
				CLANG_WARN_RANGE_LOOP_ANALYSIS = YES;
				CLANG_WARN_STRICT_PROTOTYPES = YES;
				CLANG_WARN_SUSPICIOUS_MOVE = YES;
				CLANG_WARN_UNGUARDED_AVAILABILITY = YES_AGGRESSIVE;
				CLANG_WARN_UNREACHABLE_CODE = YES;
				CLANG_WARN__DUPLICATE_METHOD_MATCH = YES;
				COPY_PHASE_STRIP = NO;
				DEBUG_INFORMATION_FORMAT = dwarf;
				ENABLE_STRICT_OBJC_MSGSEND = YES;
				ENABLE_TESTABILITY = YES;
				GCC_C_LANGUAGE_STANDARD = gnu11;
				GCC_DYNAMIC_NO_PIC = NO;
				GCC_NO_COMMON_BLOCKS = YES;
				GCC_OPTIMIZATION_LEVEL = 0;
				GCC_PREPROCESSOR_DEFINITIONS = (
					"DEBUG=1",
					"$(inherited)",
				);
				GCC_WARN_64_TO_32_BIT_CONVERSION = YES;
				GCC_WARN_ABOUT_RETURN_TYPE = YES_ERROR;
				GCC_WARN_UNDECLARED_SELECTOR = YES;
				GCC_WARN_UNINITIALIZED_AUTOS = YES_AGGRESSIVE;
				GCC_WARN_UNUSED_FUNCTION = YES;
				GCC_WARN_UNUSED_VARIABLE = YES;
				IPHONEOS_DEPLOYMENT_TARGET = 15.2;
				MTL_ENABLE_DEBUG_INFO = INCLUDE_SOURCE;
				MTL_FAST_MATH = YES;
				ONLY_ACTIVE_ARCH = YES;
				SDKROOT = iphoneos;
				SWIFT_ACTIVE_COMPILATION_CONDITIONS = DEBUG;
				SWIFT_OPTIMIZATION_LEVEL = "-Onone";
			};
			name = Debug;
		};
		D7DCC5DF27B2B21C007ACAD0 /* Release */ = {
			isa = XCBuildConfiguration;
			buildSettings = {
				ALWAYS_SEARCH_USER_PATHS = NO;
				CLANG_ANALYZER_NONNULL = YES;
				CLANG_ANALYZER_NUMBER_OBJECT_CONVERSION = YES_AGGRESSIVE;
				CLANG_CXX_LANGUAGE_STANDARD = "gnu++17";
				CLANG_CXX_LIBRARY = "libc++";
				CLANG_ENABLE_MODULES = YES;
				CLANG_ENABLE_OBJC_ARC = YES;
				CLANG_ENABLE_OBJC_WEAK = YES;
				CLANG_WARN_BLOCK_CAPTURE_AUTORELEASING = YES;
				CLANG_WARN_BOOL_CONVERSION = YES;
				CLANG_WARN_COMMA = YES;
				CLANG_WARN_CONSTANT_CONVERSION = YES;
				CLANG_WARN_DEPRECATED_OBJC_IMPLEMENTATIONS = YES;
				CLANG_WARN_DIRECT_OBJC_ISA_USAGE = YES_ERROR;
				CLANG_WARN_DOCUMENTATION_COMMENTS = YES;
				CLANG_WARN_EMPTY_BODY = YES;
				CLANG_WARN_ENUM_CONVERSION = YES;
				CLANG_WARN_INFINITE_RECURSION = YES;
				CLANG_WARN_INT_CONVERSION = YES;
				CLANG_WARN_NON_LITERAL_NULL_CONVERSION = YES;
				CLANG_WARN_OBJC_IMPLICIT_RETAIN_SELF = YES;
				CLANG_WARN_OBJC_LITERAL_CONVERSION = YES;
				CLANG_WARN_OBJC_ROOT_CLASS = YES_ERROR;
				CLANG_WARN_QUOTED_INCLUDE_IN_FRAMEWORK_HEADER = YES;
				CLANG_WARN_RANGE_LOOP_ANALYSIS = YES;
				CLANG_WARN_STRICT_PROTOTYPES = YES;
				CLANG_WARN_SUSPICIOUS_MOVE = YES;
				CLANG_WARN_UNGUARDED_AVAILABILITY = YES_AGGRESSIVE;
				CLANG_WARN_UNREACHABLE_CODE = YES;
				CLANG_WARN__DUPLICATE_METHOD_MATCH = YES;
				COPY_PHASE_STRIP = NO;
				DEBUG_INFORMATION_FORMAT = "dwarf-with-dsym";
				ENABLE_NS_ASSERTIONS = NO;
				ENABLE_STRICT_OBJC_MSGSEND = YES;
				GCC_C_LANGUAGE_STANDARD = gnu11;
				GCC_NO_COMMON_BLOCKS = YES;
				GCC_WARN_64_TO_32_BIT_CONVERSION = YES;
				GCC_WARN_ABOUT_RETURN_TYPE = YES_ERROR;
				GCC_WARN_UNDECLARED_SELECTOR = YES;
				GCC_WARN_UNINITIALIZED_AUTOS = YES_AGGRESSIVE;
				GCC_WARN_UNUSED_FUNCTION = YES;
				GCC_WARN_UNUSED_VARIABLE = YES;
				IPHONEOS_DEPLOYMENT_TARGET = 15.2;
				MTL_ENABLE_DEBUG_INFO = NO;
				MTL_FAST_MATH = YES;
				SDKROOT = iphoneos;
				SWIFT_COMPILATION_MODE = wholemodule;
				SWIFT_OPTIMIZATION_LEVEL = "-O";
				VALIDATE_PRODUCT = YES;
			};
			name = Release;
		};
		D7DCC5E127B2B21C007ACAD0 /* Debug */ = {
			isa = XCBuildConfiguration;
			buildSettings = {
				ASSETCATALOG_COMPILER_APPICON_NAME = AppIcon;
				ASSETCATALOG_COMPILER_GLOBAL_ACCENT_COLOR_NAME = AccentColor;
				CODE_SIGN_STYLE = Automatic;
				CURRENT_PROJECT_VERSION = 1;
				DEVELOPMENT_ASSET_PATHS = "\"SwiftUI-Concurrency/Preview Content\"";
				DEVELOPMENT_TEAM = JT4NX83JD6;
				ENABLE_PREVIEWS = YES;
				GENERATE_INFOPLIST_FILE = YES;
				INFOPLIST_KEY_UIApplicationSceneManifest_Generation = YES;
				INFOPLIST_KEY_UIApplicationSupportsIndirectInputEvents = YES;
				INFOPLIST_KEY_UILaunchScreen_Generation = YES;
				INFOPLIST_KEY_UISupportedInterfaceOrientations_iPad = "UIInterfaceOrientationPortrait UIInterfaceOrientationPortraitUpsideDown UIInterfaceOrientationLandscapeLeft UIInterfaceOrientationLandscapeRight";
				INFOPLIST_KEY_UISupportedInterfaceOrientations_iPhone = "UIInterfaceOrientationPortrait UIInterfaceOrientationLandscapeLeft UIInterfaceOrientationLandscapeRight";
				LD_RUNPATH_SEARCH_PATHS = (
					"$(inherited)",
					"@executable_path/Frameworks",
				);
				MARKETING_VERSION = 1.0;
				PRODUCT_BUNDLE_IDENTIFIER = "ru.zuev-ar.SwiftUI-Concurrency";
				PRODUCT_NAME = "$(TARGET_NAME)";
				SWIFT_EMIT_LOC_STRINGS = YES;
				SWIFT_VERSION = 5.0;
				TARGETED_DEVICE_FAMILY = "1,2";
			};
			name = Debug;
		};
		D7DCC5E227B2B21C007ACAD0 /* Release */ = {
			isa = XCBuildConfiguration;
			buildSettings = {
				ASSETCATALOG_COMPILER_APPICON_NAME = AppIcon;
				ASSETCATALOG_COMPILER_GLOBAL_ACCENT_COLOR_NAME = AccentColor;
				CODE_SIGN_STYLE = Automatic;
				CURRENT_PROJECT_VERSION = 1;
				DEVELOPMENT_ASSET_PATHS = "\"SwiftUI-Concurrency/Preview Content\"";
				DEVELOPMENT_TEAM = JT4NX83JD6;
				ENABLE_PREVIEWS = YES;
				GENERATE_INFOPLIST_FILE = YES;
				INFOPLIST_KEY_UIApplicationSceneManifest_Generation = YES;
				INFOPLIST_KEY_UIApplicationSupportsIndirectInputEvents = YES;
				INFOPLIST_KEY_UILaunchScreen_Generation = YES;
				INFOPLIST_KEY_UISupportedInterfaceOrientations_iPad = "UIInterfaceOrientationPortrait UIInterfaceOrientationPortraitUpsideDown UIInterfaceOrientationLandscapeLeft UIInterfaceOrientationLandscapeRight";
				INFOPLIST_KEY_UISupportedInterfaceOrientations_iPhone = "UIInterfaceOrientationPortrait UIInterfaceOrientationLandscapeLeft UIInterfaceOrientationLandscapeRight";
				LD_RUNPATH_SEARCH_PATHS = (
					"$(inherited)",
					"@executable_path/Frameworks",
				);
				MARKETING_VERSION = 1.0;
				PRODUCT_BUNDLE_IDENTIFIER = "ru.zuev-ar.SwiftUI-Concurrency";
				PRODUCT_NAME = "$(TARGET_NAME)";
				SWIFT_EMIT_LOC_STRINGS = YES;
				SWIFT_VERSION = 5.0;
				TARGETED_DEVICE_FAMILY = "1,2";
			};
			name = Release;
		};
/* End XCBuildConfiguration section */

/* Begin XCConfigurationList section */
		D7DCC5CD27B2B219007ACAD0 /* Build configuration list for PBXProject "SwiftUI-Concurrency" */ = {
			isa = XCConfigurationList;
			buildConfigurations = (
				D7DCC5DE27B2B21C007ACAD0 /* Debug */,
				D7DCC5DF27B2B21C007ACAD0 /* Release */,
			);
			defaultConfigurationIsVisible = 0;
			defaultConfigurationName = Release;
		};
		D7DCC5E027B2B21C007ACAD0 /* Build configuration list for PBXNativeTarget "SwiftUI-Concurrency" */ = {
			isa = XCConfigurationList;
			buildConfigurations = (
				D7DCC5E127B2B21C007ACAD0 /* Debug */,
				D7DCC5E227B2B21C007ACAD0 /* Release */,
			);
			defaultConfigurationIsVisible = 0;
			defaultConfigurationName = Release;
		};
/* End XCConfigurationList section */

/* Begin XCRemoteSwiftPackageReference section */
		D7E2B38B27B563030065A26E /* XCRemoteSwiftPackageReference "apollo-ios" */ = {
			isa = XCRemoteSwiftPackageReference;
			repositoryURL = "https://github.com/apollographql/apollo-ios";
			requirement = {
				kind = upToNextMajorVersion;
				minimumVersion = 0.9.5;
			};
		};
/* End XCRemoteSwiftPackageReference section */

/* Begin XCSwiftPackageProductDependency section */
		D7E2B38C27B563040065A26E /* Apollo */ = {
			isa = XCSwiftPackageProductDependency;
			package = D7E2B38B27B563030065A26E /* XCRemoteSwiftPackageReference "apollo-ios" */;
			productName = Apollo;
		};
/* End XCSwiftPackageProductDependency section */
	};
	rootObject = D7DCC5CA27B2B219007ACAD0 /* Project object */;
}
